
Microsoft Visual Studio Solution File, Format Version 12.00
# Visual Studio Version 17
VisualStudioVersion = 17.13.35828.75 d17.13
MinimumVisualStudioVersion = 10.0.40219.1
Project("{FAE04EC0-301F-11D3-BF4B-00C04F79EFBC}") = "Presentation", "Presentation\Presentation.csproj", "{F977A0AF-6694-4F8D-AE3C-682D73A05DAF}"
EndProject
Project("{FAE04EC0-301F-11D3-BF4B-00C04F79EFBC}") = "Core", "Core\Core.csproj", "{E2031FE1-8017-4DA5-9514-3B7F2AFD42FC}"
EndProject
Project("{FAE04EC0-301F-11D3-BF4B-00C04F79EFBC}") = "Application", "Application\Application.csproj", "{8FFEA1C7-B66A-429A-87E0-C4C6CC5C5B89}"
EndProject
Project("{FAE04EC0-301F-11D3-BF4B-00C04F79EFBC}") = "Infrastructure", "Infrastructure\Infrastructure.csproj", "{4DBF28B2-E051-44B6-B220-37C70AFD2F0F}"
EndProject
Global
	GlobalSection(SolutionConfigurationPlatforms) = preSolution
		Debug|Any CPU = Debug|Any CPU
		Release|Any CPU = Release|Any CPU
	EndGlobalSection
	GlobalSection(ProjectConfigurationPlatforms) = postSolution
		{F977A0AF-6694-4F8D-AE3C-682D73A05DAF}.Debug|Any CPU.ActiveCfg = Debug|Any CPU
		{F977A0AF-6694-4F8D-AE3C-682D73A05DAF}.Debug|Any CPU.Build.0 = Debug|Any CPU
		{F977A0AF-6694-4F8D-AE3C-682D73A05DAF}.Release|Any CPU.ActiveCfg = Release|Any CPU
		{F977A0AF-6694-4F8D-AE3C-682D73A05DAF}.Release|Any CPU.Build.0 = Release|Any CPU
		{E2031FE1-8017-4DA5-9514-3B7F2AFD42FC}.Debug|Any CPU.ActiveCfg = Debug|Any CPU
		{E2031FE1-8017-4DA5-9514-3B7F2AFD42FC}.Debug|Any CPU.Build.0 = Debug|Any CPU
		{E2031FE1-8017-4DA5-9514-3B7F2AFD42FC}.Release|Any CPU.ActiveCfg = Release|Any CPU
		{E2031FE1-8017-4DA5-9514-3B7F2AFD42FC}.Release|Any CPU.Build.0 = Release|Any CPU
		{8FFEA1C7-B66A-429A-87E0-C4C6CC5C5B89}.Debug|Any CPU.ActiveCfg = Debug|Any CPU
		{8FFEA1C7-B66A-429A-87E0-C4C6CC5C5B89}.Debug|Any CPU.Build.0 = Debug|Any CPU
		{8FFEA1C7-B66A-429A-87E0-C4C6CC5C5B89}.Release|Any CPU.ActiveCfg = Release|Any CPU
		{8FFEA1C7-B66A-429A-87E0-C4C6CC5C5B89}.Release|Any CPU.Build.0 = Release|Any CPU
		{4DBF28B2-E051-44B6-B220-37C70AFD2F0F}.Debug|Any CPU.ActiveCfg = Debug|Any CPU
		{4DBF28B2-E051-44B6-B220-37C70AFD2F0F}.Debug|Any CPU.Build.0 = Debug|Any CPU
		{4DBF28B2-E051-44B6-B220-37C70AFD2F0F}.Release|Any CPU.ActiveCfg = Release|Any CPU
		{4DBF28B2-E051-44B6-B220-37C70AFD2F0F}.Release|Any CPU.Build.0 = Release|Any CPU
	EndGlobalSection
	GlobalSection(SolutionProperties) = preSolution
		HideSolutionNode = FALSE
	EndGlobalSection
	GlobalSection(ExtensibilityGlobals) = postSolution
		SolutionGuid = {F4D3C947-7EC5-4561-9F79-18E8805FE44B}
	EndGlobalSection
EndGlobal
